
Microsoft Visual Studio Solution File, Format Version 12.00
# Visual Studio Version 16
VisualStudioVersion = 16.0.30413.136
MinimumVisualStudioVersion = 10.0.40219.1
Project("{FAE04EC0-301F-11D3-BF4B-00C04F79EFBC}") = "Test-IPA", "Test-IPA.csproj", "{97A16F59-8A6F-4020-96BA-917F46F09636}"
EndProject
Global
	GlobalSection(SolutionConfigurationPlatforms) = preSolution
		Debug|Any CPU = Debug|Any CPU
		Release|Any CPU = Release|Any CPU
	EndGlobalSection
	GlobalSection(ProjectConfigurationPlatforms) = postSolution
		{97A16F59-8A6F-4020-96BA-917F46F09636}.Debug|Any CPU.ActiveCfg = Debug|Any CPU
		{97A16F59-8A6F-4020-96BA-917F46F09636}.Debug|Any CPU.Build.0 = Debug|Any CPU
		{97A16F59-8A6F-4020-96BA-917F46F09636}.Release|Any CPU.ActiveCfg = Release|Any CPU
		{97A16F59-8A6F-4020-96BA-917F46F09636}.Release|Any CPU.Build.0 = Release|Any CPU
	EndGlobalSection
	GlobalSection(SolutionProperties) = preSolution
		HideSolutionNode = FALSE
	EndGlobalSection
	GlobalSection(ExtensibilityGlobals) = postSolution
		SolutionGuid = {027E0C27-52D2-4A9D-B339-CBD3967D9429}
	EndGlobalSection
EndGlobal
